
Microsoft Visual Studio Solution File, Format Version 12.00
# Visual Studio 2013
VisualStudioVersion = 12.0.21005.1
MinimumVisualStudioVersion = 10.0.40219.1
Project("{8BC9CEB8-8B4A-11D0-8D11-00A0C91BC942}") = "test_2019_9_13_3", "test_2019_9_13_3\test_2019_9_13_3.vcxproj", "{EAEC2EB1-781D-463E-988E-3CA1B35377E6}"
EndProject
Global
	GlobalSection(SolutionConfigurationPlatforms) = preSolution
		Debug|Win32 = Debug|Win32
		Release|Win32 = Release|Win32
	EndGlobalSection
	GlobalSection(ProjectConfigurationPlatforms) = postSolution
		{EAEC2EB1-781D-463E-988E-3CA1B35377E6}.Debug|Win32.ActiveCfg = Debug|Win32
		{EAEC2EB1-781D-463E-988E-3CA1B35377E6}.Debug|Win32.Build.0 = Debug|Win32
		{EAEC2EB1-781D-463E-988E-3CA1B35377E6}.Release|Win32.ActiveCfg = Release|Win32
		{EAEC2EB1-781D-463E-988E-3CA1B35377E6}.Release|Win32.Build.0 = Release|Win32
	EndGlobalSection
	GlobalSection(SolutionProperties) = preSolution
		HideSolutionNode = FALSE
	EndGlobalSection
EndGlobal
